
Microsoft Visual Studio Solution File, Format Version 12.00
# Visual Studio Version 17
VisualStudioVersion = 17.0.31903.59
MinimumVisualStudioVersion = 10.0.40219.1
Project("{2150E333-8FDC-42A3-9474-1A3956D46DE8}") = "ui", "ui", "{FA674B5A-3394-926C-2B1E-70E5B00E4A5C}"
EndProject
Project("{FAE04EC0-301F-11D3-BF4B-00C04F79EFBC}") = "WardSweep.UI", "ui\WardSweep.UI\WardSweep.UI.csproj", "{9C089362-B2A8-45AC-B92C-AA64599DEB98}"
EndProject
Project("{FAE04EC0-301F-11D3-BF4B-00C04F79EFBC}") = "WardSweep.UI.Tests", "ui\WardSweep.UI.Tests\WardSweep.UI.Tests.csproj", "{C1E70F68-AE80-4A78-8CC1-246DE573285C}"
EndProject
Global
	GlobalSection(SolutionConfigurationPlatforms) = preSolution
		Debug|Any CPU = Debug|Any CPU
		Debug|x64 = Debug|x64
		Debug|x86 = Debug|x86
		Release|Any CPU = Release|Any CPU
		Release|x64 = Release|x64
		Release|x86 = Release|x86
	EndGlobalSection
	GlobalSection(ProjectConfigurationPlatforms) = postSolution
		{9C089362-B2A8-45AC-B92C-AA64599DEB98}.Debug|Any CPU.ActiveCfg = Debug|Any CPU
		{9C089362-B2A8-45AC-B92C-AA64599DEB98}.Debug|Any CPU.Build.0 = Debug|Any CPU
		{9C089362-B2A8-45AC-B92C-AA64599DEB98}.Debug|x64.ActiveCfg = Debug|Any CPU
		{9C089362-B2A8-45AC-B92C-AA64599DEB98}.Debug|x64.Build.0 = Debug|Any CPU
		{9C089362-B2A8-45AC-B92C-AA64599DEB98}.Debug|x86.ActiveCfg = Debug|Any CPU
		{9C089362-B2A8-45AC-B92C-AA64599DEB98}.Debug|x86.Build.0 = Debug|Any CPU
		{9C089362-B2A8-45AC-B92C-AA64599DEB98}.Release|Any CPU.ActiveCfg = Release|Any CPU
		{9C089362-B2A8-45AC-B92C-AA64599DEB98}.Release|Any CPU.Build.0 = Release|Any CPU
		{9C089362-B2A8-45AC-B92C-AA64599DEB98}.Release|x64.ActiveCfg = Release|Any CPU
		{9C089362-B2A8-45AC-B92C-AA64599DEB98}.Release|x64.Build.0 = Release|Any CPU
		{9C089362-B2A8-45AC-B92C-AA64599DEB98}.Release|x86.ActiveCfg = Release|Any CPU
		{9C089362-B2A8-45AC-B92C-AA64599DEB98}.Release|x86.Build.0 = Release|Any CPU
		{C1E70F68-AE80-4A78-8CC1-246DE573285C}.Debug|Any CPU.ActiveCfg = Debug|Any CPU
		{C1E70F68-AE80-4A78-8CC1-246DE573285C}.Debug|Any CPU.Build.0 = Debug|Any CPU
		{C1E70F68-AE80-4A78-8CC1-246DE573285C}.Debug|x64.ActiveCfg = Debug|Any CPU
		{C1E70F68-AE80-4A78-8CC1-246DE573285C}.Debug|x64.Build.0 = Debug|Any CPU
		{C1E70F68-AE80-4A78-8CC1-246DE573285C}.Debug|x86.ActiveCfg = Debug|Any CPU
		{C1E70F68-AE80-4A78-8CC1-246DE573285C}.Debug|x86.Build.0 = Debug|Any CPU
		{C1E70F68-AE80-4A78-8CC1-246DE573285C}.Release|Any CPU.ActiveCfg = Release|Any CPU
		{C1E70F68-AE80-4A78-8CC1-246DE573285C}.Release|Any CPU.Build.0 = Release|Any CPU
		{C1E70F68-AE80-4A78-8CC1-246DE573285C}.Release|x64.ActiveCfg = Release|Any CPU
		{C1E70F68-AE80-4A78-8CC1-246DE573285C}.Release|x64.Build.0 = Release|Any CPU
		{C1E70F68-AE80-4A78-8CC1-246DE573285C}.Release|x86.ActiveCfg = Release|Any CPU
		{C1E70F68-AE80-4A78-8CC1-246DE573285C}.Release|x86.Build.0 = Release|Any CPU
	EndGlobalSection
	GlobalSection(SolutionProperties) = preSolution
		HideSolutionNode = FALSE
	EndGlobalSection
	GlobalSection(NestedProjects) = preSolution
		{9C089362-B2A8-45AC-B92C-AA64599DEB98} = {FA674B5A-3394-926C-2B1E-70E5B00E4A5C}
		{C1E70F68-AE80-4A78-8CC1-246DE573285C} = {FA674B5A-3394-926C-2B1E-70E5B00E4A5C}
	EndGlobalSection
EndGlobal
